
Microsoft Visual Studio Solution File, Format Version 12.00
# Visual Studio Version 16
VisualStudioVersion = 16.0.30711.63
MinimumVisualStudioVersion = 10.0.40219.1
Project("{9A19103F-16F7-4668-BE54-9A1E7A4F7556}") = "RecipeBrowserToMagicStorage", "RecipeBrowserToMagicStorage.csproj", "{92084349-6B94-4E84-BFE6-A321E596168E}"
EndProject
Global
	GlobalSection(SolutionConfigurationPlatforms) = preSolution
		Debug|Any CPU = Debug|Any CPU
		Release|Any CPU = Release|Any CPU
	EndGlobalSection
	GlobalSection(ProjectConfigurationPlatforms) = postSolution
		{92084349-6B94-4E84-BFE6-A321E596168E}.Debug|Any CPU.ActiveCfg = Debug|Any CPU
		{92084349-6B94-4E84-BFE6-A321E596168E}.Debug|Any CPU.Build.0 = Debug|Any CPU
		{92084349-6B94-4E84-BFE6-A321E596168E}.Release|Any CPU.ActiveCfg = Release|Any CPU
		{92084349-6B94-4E84-BFE6-A321E596168E}.Release|Any CPU.Build.0 = Release|Any CPU
	EndGlobalSection
	GlobalSection(SolutionProperties) = preSolution
		HideSolutionNode = FALSE
	EndGlobalSection
	GlobalSection(ExtensibilityGlobals) = postSolution
		SolutionGuid = {CCDEFA4F-8D57-48F1-972D-2E8A54E99F2A}
	EndGlobalSection
EndGlobal
